
Microsoft Visual Studio Solution File, Format Version 12.00
# Visual Studio Version 17
VisualStudioVersion = 17.5.002.0
MinimumVisualStudioVersion = 10.0.40219.1
Project("{9A19103F-16F7-4668-BE54-9A1E7A4F7556}") = "SimpleWebApi", "SimpleWebApi.csproj", "{6C80DBB1-A935-47DF-8D59-FCF9D0264EEE}"
EndProject
Global
	GlobalSection(SolutionConfigurationPlatforms) = preSolution
		Debug|Any CPU = Debug|Any CPU
		Release|Any CPU = Release|Any CPU
	EndGlobalSection
	GlobalSection(ProjectConfigurationPlatforms) = postSolution
		{6C80DBB1-A935-47DF-8D59-FCF9D0264EEE}.Debug|Any CPU.ActiveCfg = Debug|Any CPU
		{6C80DBB1-A935-47DF-8D59-FCF9D0264EEE}.Debug|Any CPU.Build.0 = Debug|Any CPU
		{6C80DBB1-A935-47DF-8D59-FCF9D0264EEE}.Release|Any CPU.ActiveCfg = Release|Any CPU
		{6C80DBB1-A935-47DF-8D59-FCF9D0264EEE}.Release|Any CPU.Build.0 = Release|Any CPU
	EndGlobalSection
	GlobalSection(SolutionProperties) = preSolution
		HideSolutionNode = FALSE
	EndGlobalSection
	GlobalSection(ExtensibilityGlobals) = postSolution
		SolutionGuid = {C515964F-DD8B-4F59-9CA0-1D03FA9F1CA6}
	EndGlobalSection
EndGlobal
